speakeasyVersion: 1.448.2
sources:
    BookClub-OAS:
        sourceNamespace: book-club-oas
        sourceRevisionDigest: sha256:0a7dd7a5b6288bc6db3de79b6bc6f865e6dd9eb31cd803866a9e8de8841dd8cf
        sourceBlobDigest: sha256:d21bcaa5011512b8882cbc9f7ec9aedb195cf01979cd44bc720c0fdfcfd77910
        tags:
            - latest
            - speakeasy-sdk-regen-1731457790
            - 1.0.0
targets:
    book-club:
        source: BookClub-OAS
        sourceNamespace: book-club-oas
        sourceRevisionDigest: sha256:0a7dd7a5b6288bc6db3de79b6bc6f865e6dd9eb31cd803866a9e8de8841dd8cf
        sourceBlobDigest: sha256:d21bcaa5011512b8882cbc9f7ec9aedb195cf01979cd44bc720c0fdfcfd77910
        codeSamplesNamespace: book-club-oas-typescript-code-samples
        codeSamplesRevisionDigest: sha256:0c5f5514ca429fd670598bde481cf2936025565d3ff4b6584cbac1ce2d6eb9c5
workflow:
    workflowVersion: 1.0.0
    speakeasyVersion: latest
    sources:
        BookClub-OAS:
            inputs:
                - location: https://book-club-api-opal.vercel.app/api/docs
            registry:
                location: registry.speakeasyapi.dev/walker/walker/book-club-oas
    targets:
        book-club:
            target: typescript
            source: BookClub-OAS
            output: .
            publish:
                npm:
                    token: $npm_token
            codeSamples:
                registry:
                    location: registry.speakeasyapi.dev/walker/walker/book-club-oas-typescript-code-samples
                blocking: false
