speakeasyVersion: 1.436.0
sources:
    BookClub-OAS:
        sourceNamespace: book-club-oas
        sourceRevisionDigest: sha256:31e0947fd3b79e18cafb7256cbe3b782e5c5f0d91800ae7395caa7857d3bd127
        sourceBlobDigest: sha256:9f69e6ab82828b737d361308558d19973e7ccd3108ef0e3b7840c5225cafede6
        tags:
            - latest
targets:
    book-club:
        source: BookClub-OAS
        sourceNamespace: book-club-oas
        sourceRevisionDigest: sha256:31e0947fd3b79e18cafb7256cbe3b782e5c5f0d91800ae7395caa7857d3bd127
        sourceBlobDigest: sha256:9f69e6ab82828b737d361308558d19973e7ccd3108ef0e3b7840c5225cafede6
        codeSamplesNamespace: book-club-oas-code-samples
        codeSamplesRevisionDigest: sha256:2e36bf8c2d9e964f1818703db1a416e51c4f9dc829e40d8bad112e42b431cb82
workflow:
    workflowVersion: 1.0.0
    speakeasyVersion: latest
    sources:
        BookClub-OAS:
            inputs:
                - location: https://book-club-api-opal.vercel.app/api/docs
            registry:
                location: registry.speakeasyapi.dev/walker/walker/book-club-oas
    targets:
        book-club:
            target: typescript
            source: BookClub-OAS
            output: dist
            publish:
                npm:
                    token: $npm_token
            codeSamples:
                registry:
                    location: registry.speakeasyapi.dev/walker/walker/book-club-oas-code-samples
                blocking: false
