speakeasyVersion: 1.436.0
sources:
    BookClub-OAS:
        sourceNamespace: book-club-oas
        sourceRevisionDigest: sha256:1d7a9399b0d3b9ed2db5be0e97d0ca2dbde41eada1199de3779d13b20f69b54a
        sourceBlobDigest: sha256:fbf13e9cc77a2367af4f4a7f82defca7c940e6e42ee33e16a972a928c592db96
        tags:
            - latest
targets:
    book-club:
        source: BookClub-OAS
        sourceNamespace: book-club-oas
        sourceRevisionDigest: sha256:1d7a9399b0d3b9ed2db5be0e97d0ca2dbde41eada1199de3779d13b20f69b54a
        sourceBlobDigest: sha256:fbf13e9cc77a2367af4f4a7f82defca7c940e6e42ee33e16a972a928c592db96
        codeSamplesNamespace: book-club-oas-code-samples
        codeSamplesRevisionDigest: sha256:340ea8d617d85695416513855a23130a63a584603f1a6effb2d256fa71401fd6
workflow:
    workflowVersion: 1.0.0
    speakeasyVersion: latest
    sources:
        BookClub-OAS:
            inputs:
                - location: https://book-club-api-opal.vercel.app/api/docs
            registry:
                location: registry.speakeasyapi.dev/walker/walker/book-club-oas
    targets:
        book-club:
            target: typescript
            source: BookClub-OAS
            codeSamples:
                registry:
                    location: registry.speakeasyapi.dev/walker/walker/book-club-oas-code-samples
                blocking: false
